
Microsoft Visual Studio Solution File, Format Version 12.00
# Visual Studio Version 16
VisualStudioVersion = 16.0.30517.126
MinimumVisualStudioVersion = 10.0.40219.1
Project("{FAE04EC0-301F-11D3-BF4B-00C04F79EFBC}") = "Engine", "Engine\Engine.csproj", "{1A0C9B75-569A-4B3E-B0B7-5FFC3560B4D8}"
EndProject
Project("{FAE04EC0-301F-11D3-BF4B-00C04F79EFBC}") = "TSP", "TSP\TSP.csproj", "{F7D0E030-FD35-4742-AC49-F055BD0CBADF}"
EndProject
Project("{FAE04EC0-301F-11D3-BF4B-00C04F79EFBC}") = "TSP.ConsoleUI", "TSP.Console\TSP.ConsoleUI.csproj", "{2061A947-D20B-42BF-B396-6290519531B0}"
EndProject
Global
	GlobalSection(SolutionConfigurationPlatforms) = preSolution
		Debug|Any CPU = Debug|Any CPU
		Release|Any CPU = Release|Any CPU
	EndGlobalSection
	GlobalSection(ProjectConfigurationPlatforms) = postSolution
		{1A0C9B75-569A-4B3E-B0B7-5FFC3560B4D8}.Debug|Any CPU.ActiveCfg = Debug|Any CPU
		{1A0C9B75-569A-4B3E-B0B7-5FFC3560B4D8}.Debug|Any CPU.Build.0 = Debug|Any CPU
		{1A0C9B75-569A-4B3E-B0B7-5FFC3560B4D8}.Release|Any CPU.ActiveCfg = Release|Any CPU
		{1A0C9B75-569A-4B3E-B0B7-5FFC3560B4D8}.Release|Any CPU.Build.0 = Release|Any CPU
		{F7D0E030-FD35-4742-AC49-F055BD0CBADF}.Debug|Any CPU.ActiveCfg = Debug|Any CPU
		{F7D0E030-FD35-4742-AC49-F055BD0CBADF}.Debug|Any CPU.Build.0 = Debug|Any CPU
		{F7D0E030-FD35-4742-AC49-F055BD0CBADF}.Release|Any CPU.ActiveCfg = Release|Any CPU
		{F7D0E030-FD35-4742-AC49-F055BD0CBADF}.Release|Any CPU.Build.0 = Release|Any CPU
		{2061A947-D20B-42BF-B396-6290519531B0}.Debug|Any CPU.ActiveCfg = Debug|Any CPU
		{2061A947-D20B-42BF-B396-6290519531B0}.Debug|Any CPU.Build.0 = Debug|Any CPU
		{2061A947-D20B-42BF-B396-6290519531B0}.Release|Any CPU.ActiveCfg = Release|Any CPU
		{2061A947-D20B-42BF-B396-6290519531B0}.Release|Any CPU.Build.0 = Release|Any CPU
	EndGlobalSection
	GlobalSection(SolutionProperties) = preSolution
		HideSolutionNode = FALSE
	EndGlobalSection
	GlobalSection(ExtensibilityGlobals) = postSolution
		SolutionGuid = {08C0D8AD-E425-4A31-B225-A94EC206658C}
	EndGlobalSection
EndGlobal
